{
  "name": "hermes-project-ops-harness",
  "version": "0.1.0",
  "lockfileVersion": 3,
  "requires": true,
  "packages": {
    "": {
      "name": "hermes-project-ops-harness",
      "version": "0.1.0",
      "bin": {
        "hermes-law-brief": "scripts/matter-brief.mjs"
      },
      "engines": {
        "node": ">=20 <27",
        "npm": ">=10 <12"
      }
    }
  }
}
